// !$*UTF8*$!
{
	archiveVersion = 1;
	classes = {
	};
	objectVersion = 46;
	objects = {

/* Begin PBXBuildFile section */
		C9B1CCFB179227AA008F177B /* CoreGraphics.framework in Frameworks */ = {isa = PBXBuildFile; fileRef = C9F5367F179213E30049391C /* CoreGraphics.framework */; };
		C9B1CCFC1792284D008F177B /* libSplashPlopHack.a in Frameworks */ = {isa = PBXBuildFile; fileRef = C9F536D01792152E0049391C /* libSplashPlopHack.a */; };
		C9B1CD0417922BD8008F177B /* libc++.dylib in Frameworks */ = {isa = PBXBuildFile; fileRef = C9B1CD0317922BD7008F177B /* libc++.dylib */; };
		C9B1CD0617926EDF008F177B /* CoreMotion.framework in Frameworks */ = {isa = PBXBuildFile; fileRef = C9B1CD0517926EDF008F177B /* CoreMotion.framework */; };
		C9B1CD1017928074008F177B /* TTCShaderLibrary.m in Sources */ = {isa = PBXBuildFile; fileRef = C9B1CD0917928074008F177B /* TTCShaderLibrary.m */; };
		C9B1CD1117928074008F177B /* TTCShaderProgram.m in Sources */ = {isa = PBXBuildFile; fileRef = C9B1CD0B17928074008F177B /* TTCShaderProgram.m */; };
		C9B1CD1217928074008F177B /* TTCQuad.m in Sources */ = {isa = PBXBuildFile; fileRef = C9B1CD0D17928074008F177B /* TTCQuad.m */; };
		C9B1CD1317928074008F177B /* TTCSurface.m in Sources */ = {isa = PBXBuildFile; fileRef = C9B1CD0F17928074008F177B /* TTCSurface.m */; };
		C9B1CD161792874F008F177B /* vertex_default.vsh in Sources */ = {isa = PBXBuildFile; fileRef = C9B1CD141792874F008F177B /* vertex_default.vsh */; };
		C9B1CD171792874F008F177B /* show_texture.fsh in Sources */ = {isa = PBXBuildFile; fileRef = C9B1CD151792874F008F177B /* show_texture.fsh */; };
		C9B1CD1817928CD5008F177B /* vertex_default.vsh in Resources */ = {isa = PBXBuildFile; fileRef = C9B1CD141792874F008F177B /* vertex_default.vsh */; };
		C9B1CD1917928CD5008F177B /* show_texture.fsh in Resources */ = {isa = PBXBuildFile; fileRef = C9B1CD151792874F008F177B /* show_texture.fsh */; };
		C9ED29A01792B9EC002CFF49 /* phi.fsh in Sources */ = {isa = PBXBuildFile; fileRef = C9ED299F1792B9EC002CFF49 /* phi.fsh */; };
		C9ED29A11792BBA4002CFF49 /* phi.fsh in Resources */ = {isa = PBXBuildFile; fileRef = C9ED299F1792B9EC002CFF49 /* phi.fsh */; };
		C9ED29A31792C144002CFF49 /* hblur.fsh in Sources */ = {isa = PBXBuildFile; fileRef = C9ED29A21792C144002CFF49 /* hblur.fsh */; };
		C9ED29A51792C1CE002CFF49 /* vblur.fsh in Sources */ = {isa = PBXBuildFile; fileRef = C9ED29A41792C1CE002CFF49 /* vblur.fsh */; };
		C9ED29A61792C666002CFF49 /* hblur.fsh in Resources */ = {isa = PBXBuildFile; fileRef = C9ED29A21792C144002CFF49 /* hblur.fsh */; };
		C9ED29A71792C666002CFF49 /* vblur.fsh in Resources */ = {isa = PBXBuildFile; fileRef = C9ED29A41792C1CE002CFF49 /* vblur.fsh */; };
		C9ED29B117932C79002CFF49 /* AudioFileReader.mm in Sources */ = {isa = PBXBuildFile; fileRef = C9ED29AA17932C79002CFF49 /* AudioFileReader.mm */; };
		C9ED29B217932C79002CFF49 /* AudioFileWriter.m in Sources */ = {isa = PBXBuildFile; fileRef = C9ED29AC17932C79002CFF49 /* AudioFileWriter.m */; };
		C9ED29B317932C79002CFF49 /* Novocaine.m in Sources */ = {isa = PBXBuildFile; fileRef = C9ED29AE17932C79002CFF49 /* Novocaine.m */; };
		C9ED29B417932C79002CFF49 /* RingBuffer.mm in Sources */ = {isa = PBXBuildFile; fileRef = C9ED29B017932C79002CFF49 /* RingBuffer.mm */; };
		C9ED29B817932CA0002CFF49 /* Accelerate.framework in Frameworks */ = {isa = PBXBuildFile; fileRef = C9ED29B517932CA0002CFF49 /* Accelerate.framework */; };
		C9ED29B917932CA0002CFF49 /* AudioToolbox.framework in Frameworks */ = {isa = PBXBuildFile; fileRef = C9ED29B617932CA0002CFF49 /* AudioToolbox.framework */; };
		C9ED29BA17932CA0002CFF49 /* AVFoundation.framework in Frameworks */ = {isa = PBXBuildFile; fileRef = C9ED29B717932CA0002CFF49 /* AVFoundation.framework */; };
		C9F5367C179213E30049391C /* UIKit.framework in Frameworks */ = {isa = PBXBuildFile; fileRef = C9F5367B179213E30049391C /* UIKit.framework */; };
		C9F5367E179213E30049391C /* Foundation.framework in Frameworks */ = {isa = PBXBuildFile; fileRef = C9F5367D179213E30049391C /* Foundation.framework */; };
		C9F53680179213E30049391C /* CoreGraphics.framework in Frameworks */ = {isa = PBXBuildFile; fileRef = C9F5367F179213E30049391C /* CoreGraphics.framework */; };
		C9F53682179213E30049391C /* GLKit.framework in Frameworks */ = {isa = PBXBuildFile; fileRef = C9F53681179213E30049391C /* GLKit.framework */; };
		C9F53684179213E30049391C /* OpenGLES.framework in Frameworks */ = {isa = PBXBuildFile; fileRef = C9F53683179213E30049391C /* OpenGLES.framework */; };
		C9F5368A179213E30049391C /* InfoPlist.strings in Resources */ = {isa = PBXBuildFile; fileRef = C9F53688179213E30049391C /* InfoPlist.strings */; };
		C9F5368C179213E30049391C /* main.m in Sources */ = {isa = PBXBuildFile; fileRef = C9F5368B179213E30049391C /* main.m */; };
		C9F53690179213E30049391C /* DDAppDelegate.m in Sources */ = {isa = PBXBuildFile; fileRef = C9F5368F179213E30049391C /* DDAppDelegate.m */; };
		C9F53692179213E30049391C /* Default.png in Resources */ = {isa = PBXBuildFile; fileRef = C9F53691179213E30049391C /* Default.png */; };
		C9F53694179213E30049391C /* Default@2x.png in Resources */ = {isa = PBXBuildFile; fileRef = C9F53693179213E30049391C /* Default@2x.png */; };
		C9F53696179213E30049391C /* Default-568h@2x.png in Resources */ = {isa = PBXBuildFile; fileRef = C9F53695179213E30049391C /* Default-568h@2x.png */; };
		C9F53699179213E30049391C /* MainStoryboard.storyboard in Resources */ = {isa = PBXBuildFile; fileRef = C9F53697179213E30049391C /* MainStoryboard.storyboard */; };
		C9F5369B179213E30049391C /* fShader.fsh in Resources */ = {isa = PBXBuildFile; fileRef = C9F5369A179213E30049391C /* fShader.fsh */; };
		C9F5369D179213E30049391C /* vShader.vsh in Resources */ = {isa = PBXBuildFile; fileRef = C9F5369C179213E30049391C /* vShader.vsh */; };
		C9F536A0179213E30049391C /* DDViewController.m in Sources */ = {isa = PBXBuildFile; fileRef = C9F5369F179213E30049391C /* DDViewController.m */; };
		C9F536A8179213E30049391C /* SenTestingKit.framework in Frameworks */ = {isa = PBXBuildFile; fileRef = C9F536A7179213E30049391C /* SenTestingKit.framework */; };
		C9F536A9179213E30049391C /* UIKit.framework in Frameworks */ = {isa = PBXBuildFile; fileRef = C9F5367B179213E30049391C /* UIKit.framework */; };
		C9F536AA179213E30049391C /* Foundation.framework in Frameworks */ = {isa = PBXBuildFile; fileRef = C9F5367D179213E30049391C /* Foundation.framework */; };
		C9F536B2179213E30049391C /* InfoPlist.strings in Resources */ = {isa = PBXBuildFile; fileRef = C9F536B0179213E30049391C /* InfoPlist.strings */; };
		C9F536B5179213E30049391C /* DripDropTests.m in Sources */ = {isa = PBXBuildFile; fileRef = C9F536B4179213E30049391C /* DripDropTests.m */; };
		C9F536D11792152E0049391C /* Foundation.framework in Frameworks */ = {isa = PBXBuildFile; fileRef = C9F5367D179213E30049391C /* Foundation.framework */; };
		C9F536D61792152E0049391C /* SplashPlopHack.h in CopyFiles */ = {isa = PBXBuildFile; fileRef = C9F536D51792152E0049391C /* SplashPlopHack.h */; };
		C9F536D81792152E0049391C /* SplashPlopHack.mm in Sources */ = {isa = PBXBuildFile; fileRef = C9F536D71792152E0049391C /* SplashPlopHack.mm */; };
		C9F536DF1792152E0049391C /* SenTestingKit.framework in Frameworks */ = {isa = PBXBuildFile; fileRef = C9F536A7179213E30049391C /* SenTestingKit.framework */; };
		C9F536E01792152E0049391C /* UIKit.framework in Frameworks */ = {isa = PBXBuildFile; fileRef = C9F5367B179213E30049391C /* UIKit.framework */; };
		C9F536E11792152E0049391C /* Foundation.framework in Frameworks */ = {isa = PBXBuildFile; fileRef = C9F5367D179213E30049391C /* Foundation.framework */; };
		C9F536E41792152E0049391C /* libSplashPlopHack.a in Frameworks */ = {isa = PBXBuildFile; fileRef = C9F536D01792152E0049391C /* libSplashPlopHack.a */; };
		C9F536EA1792152E0049391C /* InfoPlist.strings in Resources */ = {isa = PBXBuildFile; fileRef = C9F536E81792152E0049391C /* InfoPlist.strings */; };
		C9F536ED1792152E0049391C /* SplashPlopHackTests.m in Sources */ = {isa = PBXBuildFile; fileRef = C9F536EC1792152E0049391C /* SplashPlopHackTests.m */; };
		C9F536F4179215520049391C /* kernels.cc in Sources */ = {isa = PBXBuildFile; fileRef = C9F536C11792142C0049391C /* kernels.cc */; };
		C9F536F5179215560049391C /* particle.cc in Sources */ = {isa = PBXBuildFile; fileRef = C9F536C41792142C0049391C /* particle.cc */; };
/* End PBXBuildFile section */

/* Begin PBXContainerItemProxy section */
		C9B1CCFD179229A1008F177B /* PBXContainerItemProxy */ = {
			isa = PBXContainerItemProxy;
			containerPortal = C9F53670179213E30049391C /* Project object */;
			proxyType = 1;
			remoteGlobalIDString = C9F536CF1792152E0049391C;
			remoteInfo = SplashPlopHack;
		};
		C9F536AB179213E30049391C /* PBXContainerItemProxy */ = {
			isa = PBXContainerItemProxy;
			containerPortal = C9F53670179213E30049391C /* Project object */;
			proxyType = 1;
			remoteGlobalIDString = C9F53677179213E30049391C;
			remoteInfo = DripDrop;
		};
		C9F536E21792152E0049391C /* PBXContainerItemProxy */ = {
			isa = PBXContainerItemProxy;
			containerPortal = C9F53670179213E30049391C /* Project object */;
			proxyType = 1;
			remoteGlobalIDString = C9F536CF1792152E0049391C;
			remoteInfo = SplashPlopHack;
		};
/* End PBXContainerItemProxy section */

/* Begin PBXCopyFilesBuildPhase section */
		C9F536CE1792152E0049391C /* CopyFiles */ = {
			isa = PBXCopyFilesBuildPhase;
			buildActionMask = 2147483647;
			dstPath = "include/${PRODUCT_NAME}";
			dstSubfolderSpec = 16;
			files = (
				C9F536D61792152E0049391C /* SplashPlopHack.h in CopyFiles */,
			);
			runOnlyForDeploymentPostprocessing = 0;
		};
/* End PBXCopyFilesBuildPhase section */

/* Begin PBXFileReference section */
		C9B1CD0317922BD7008F177B /* libc++.dylib */ = {isa = PBXFileReference; lastKnownFileType = "compiled.mach-o.dylib"; name = "libc++.dylib"; path = "usr/lib/libc++.dylib"; sourceTree = SDKROOT; };
		C9B1CD0517926EDF008F177B /* CoreMotion.framework */ = {isa = PBXFileReference; lastKnownFileType = wrapper.framework; name = CoreMotion.framework; path = System/Library/Frameworks/CoreMotion.framework; sourceTree = SDKROOT; };
		C9B1CD0817928074008F177B /* TTCShaderLibrary.h */ = {isa = PBXFileReference; fileEncoding = 4; lastKnownFileType = sourcecode.c.h; path = TTCShaderLibrary.h; sourceTree = "<group>"; };
		C9B1CD0917928074008F177B /* TTCShaderLibrary.m */ = {isa = PBXFileReference; fileEncoding = 4; lastKnownFileType = sourcecode.c.objc; path = TTCShaderLibrary.m; sourceTree = "<group>"; };
		C9B1CD0A17928074008F177B /* TTCShaderProgram.h */ = {isa = PBXFileReference; fileEncoding = 4; lastKnownFileType = sourcecode.c.h; path = TTCShaderProgram.h; sourceTree = "<group>"; };
		C9B1CD0B17928074008F177B /* TTCShaderProgram.m */ = {isa = PBXFileReference; fileEncoding = 4; lastKnownFileType = sourcecode.c.objc; path = TTCShaderProgram.m; sourceTree = "<group>"; };
		C9B1CD0C17928074008F177B /* TTCQuad.h */ = {isa = PBXFileReference; fileEncoding = 4; lastKnownFileType = sourcecode.c.h; path = TTCQuad.h; sourceTree = "<group>"; };
		C9B1CD0D17928074008F177B /* TTCQuad.m */ = {isa = PBXFileReference; fileEncoding = 4; lastKnownFileType = sourcecode.c.objc; path = TTCQuad.m; sourceTree = "<group>"; };
		C9B1CD0E17928074008F177B /* TTCSurface.h */ = {isa = PBXFileReference; fileEncoding = 4; lastKnownFileType = sourcecode.c.h; path = TTCSurface.h; sourceTree = "<group>"; };
		C9B1CD0F17928074008F177B /* TTCSurface.m */ = {isa = PBXFileReference; fileEncoding = 4; lastKnownFileType = sourcecode.c.objc; path = TTCSurface.m; sourceTree = "<group>"; };
		C9B1CD141792874F008F177B /* vertex_default.vsh */ = {isa = PBXFileReference; fileEncoding = 4; lastKnownFileType = sourcecode.glsl; path = vertex_default.vsh; sourceTree = "<group>"; };
		C9B1CD151792874F008F177B /* show_texture.fsh */ = {isa = PBXFileReference; fileEncoding = 4; lastKnownFileType = sourcecode.glsl; path = show_texture.fsh; sourceTree = "<group>"; };
		C9ED299F1792B9EC002CFF49 /* phi.fsh */ = {isa = PBXFileReference; fileEncoding = 4; lastKnownFileType = sourcecode.glsl; path = phi.fsh; sourceTree = "<group>"; };
		C9ED29A21792C144002CFF49 /* hblur.fsh */ = {isa = PBXFileReference; fileEncoding = 4; lastKnownFileType = sourcecode.glsl; path = hblur.fsh; sourceTree = "<group>"; };
		C9ED29A41792C1CE002CFF49 /* vblur.fsh */ = {isa = PBXFileReference; fileEncoding = 4; lastKnownFileType = sourcecode.glsl; path = vblur.fsh; sourceTree = "<group>"; };
		C9ED29A917932C79002CFF49 /* AudioFileReader.h */ = {isa = PBXFileReference; fileEncoding = 4; lastKnownFileType = sourcecode.c.h; path = AudioFileReader.h; sourceTree = "<group>"; };
		C9ED29AA17932C79002CFF49 /* AudioFileReader.mm */ = {isa = PBXFileReference; fileEncoding = 4; lastKnownFileType = sourcecode.cpp.objcpp; path = AudioFileReader.mm; sourceTree = "<group>"; };
		C9ED29AB17932C79002CFF49 /* AudioFileWriter.h */ = {isa = PBXFileReference; fileEncoding = 4; lastKnownFileType = sourcecode.c.h; path = AudioFileWriter.h; sourceTree = "<group>"; };
		C9ED29AC17932C79002CFF49 /* AudioFileWriter.m */ = {isa = PBXFileReference; fileEncoding = 4; lastKnownFileType = sourcecode.c.objc; path = AudioFileWriter.m; sourceTree = "<group>"; };
		C9ED29AD17932C79002CFF49 /* Novocaine.h */ = {isa = PBXFileReference; fileEncoding = 4; lastKnownFileType = sourcecode.c.h; path = Novocaine.h; sourceTree = "<group>"; };
		C9ED29AE17932C79002CFF49 /* Novocaine.m */ = {isa = PBXFileReference; fileEncoding = 4; lastKnownFileType = sourcecode.c.objc; path = Novocaine.m; sourceTree = "<group>"; };
		C9ED29AF17932C79002CFF49 /* RingBuffer.h */ = {isa = PBXFileReference; fileEncoding = 4; lastKnownFileType = sourcecode.c.h; path = RingBuffer.h; sourceTree = "<group>"; };
		C9ED29B017932C79002CFF49 /* RingBuffer.mm */ = {isa = PBXFileReference; fileEncoding = 4; lastKnownFileType = sourcecode.cpp.objcpp; path = RingBuffer.mm; sourceTree = "<group>"; };
		C9ED29B517932CA0002CFF49 /* Accelerate.framework */ = {isa = PBXFileReference; lastKnownFileType = wrapper.framework; name = Accelerate.framework; path = System/Library/Frameworks/Accelerate.framework; sourceTree = SDKROOT; };
		C9ED29B617932CA0002CFF49 /* AudioToolbox.framework */ = {isa = PBXFileReference; lastKnownFileType = wrapper.framework; name = AudioToolbox.framework; path = System/Library/Frameworks/AudioToolbox.framework; sourceTree = SDKROOT; };
		C9ED29B717932CA0002CFF49 /* AVFoundation.framework */ = {isa = PBXFileReference; lastKnownFileType = wrapper.framework; name = AVFoundation.framework; path = System/Library/Frameworks/AVFoundation.framework; sourceTree = SDKROOT; };
		C9F53678179213E30049391C /* DripDrop.app */ = {isa = PBXFileReference; explicitFileType = wrapper.application; includeInIndex = 0; path = DripDrop.app; sourceTree = BUILT_PRODUCTS_DIR; };
		C9F5367B179213E30049391C /* UIKit.framework */ = {isa = PBXFileReference; lastKnownFileType = wrapper.framework; name = UIKit.framework; path = System/Library/Frameworks/UIKit.framework; sourceTree = SDKROOT; };
		C9F5367D179213E30049391C /* Foundation.framework */ = {isa = PBXFileReference; lastKnownFileType = wrapper.framework; name = Foundation.framework; path = System/Library/Frameworks/Foundation.framework; sourceTree = SDKROOT; };
		C9F5367F179213E30049391C /* CoreGraphics.framework */ = {isa = PBXFileReference; lastKnownFileType = wrapper.framework; name = CoreGraphics.framework; path = System/Library/Frameworks/CoreGraphics.framework; sourceTree = SDKROOT; };
		C9F53681179213E30049391C /* GLKit.framework */ = {isa = PBXFileReference; lastKnownFileType = wrapper.framework; name = GLKit.framework; path = System/Library/Frameworks/GLKit.framework; sourceTree = SDKROOT; };
		C9F53683179213E30049391C /* OpenGLES.framework */ = {isa = PBXFileReference; lastKnownFileType = wrapper.framework; name = OpenGLES.framework; path = System/Library/Frameworks/OpenGLES.framework; sourceTree = SDKROOT; };
		C9F53687179213E30049391C /* DripDrop-Info.plist */ = {isa = PBXFileReference; lastKnownFileType = text.plist.xml; path = "DripDrop-Info.plist"; sourceTree = "<group>"; };
		C9F53689179213E30049391C /* en */ = {isa = PBXFileReference; lastKnownFileType = text.plist.strings; name = en; path = en.lproj/InfoPlist.strings; sourceTree = "<group>"; };
		C9F5368B179213E30049391C /* main.m */ = {isa = PBXFileReference; lastKnownFileType = sourcecode.c.objc; path = main.m; sourceTree = "<group>"; };
		C9F5368D179213E30049391C /* DripDrop-Prefix.pch */ = {isa = PBXFileReference; lastKnownFileType = sourcecode.c.h; path = "DripDrop-Prefix.pch"; sourceTree = "<group>"; };
		C9F5368E179213E30049391C /* DDAppDelegate.h */ = {isa = PBXFileReference; lastKnownFileType = sourcecode.c.h; path = DDAppDelegate.h; sourceTree = "<group>"; };
		C9F5368F179213E30049391C /* DDAppDelegate.m */ = {isa = PBXFileReference; lastKnownFileType = sourcecode.c.objc; path = DDAppDelegate.m; sourceTree = "<group>"; };
		C9F53691179213E30049391C /* Default.png */ = {isa = PBXFileReference; lastKnownFileType = image.png; path = Default.png; sourceTree = "<group>"; };
		C9F53693179213E30049391C /* Default@2x.png */ = {isa = PBXFileReference; lastKnownFileType = image.png; path = "Default@2x.png"; sourceTree = "<group>"; };
		C9F53695179213E30049391C /* Default-568h@2x.png */ = {isa = PBXFileReference; lastKnownFileType = image.png; path = "Default-568h@2x.png"; sourceTree = "<group>"; };
		C9F53698179213E30049391C /* en */ = {isa = PBXFileReference; lastKnownFileType = file.storyboard; name = en; path = en.lproj/MainStoryboard.storyboard; sourceTree = "<group>"; };
		C9F5369A179213E30049391C /* fShader.fsh */ = {isa = PBXFileReference; lastKnownFileType = sourcecode.glsl; name = fShader.fsh; path = Shaders/fShader.fsh; sourceTree = "<group>"; };
		C9F5369C179213E30049391C /* vShader.vsh */ = {isa = PBXFileReference; lastKnownFileType = sourcecode.glsl; name = vShader.vsh; path = Shaders/vShader.vsh; sourceTree = "<group>"; };
		C9F5369E179213E30049391C /* DDViewController.h */ = {isa = PBXFileReference; lastKnownFileType = sourcecode.c.h; path = DDViewController.h; sourceTree = "<group>"; };
		C9F5369F179213E30049391C /* DDViewController.m */ = {isa = PBXFileReference; lastKnownFileType = sourcecode.c.objc; path = DDViewController.m; sourceTree = "<group>"; };
		C9F536A6179213E30049391C /* DripDropTests.octest */ = {isa = PBXFileReference; explicitFileType = wrapper.cfbundle; includeInIndex = 0; path = DripDropTests.octest; sourceTree = BUILT_PRODUCTS_DIR; };
		C9F536A7179213E30049391C /* SenTestingKit.framework */ = {isa = PBXFileReference; lastKnownFileType = wrapper.framework; name = SenTestingKit.framework; path = Library/Frameworks/SenTestingKit.framework; sourceTree = DEVELOPER_DIR; };
		C9F536AF179213E30049391C /* DripDropTests-Info.plist */ = {isa = PBXFileReference; lastKnownFileType = text.plist.xml; path = "DripDropTests-Info.plist"; sourceTree = "<group>"; };
		C9F536B1179213E30049391C /* en */ = {isa = PBXFileReference; lastKnownFileType = text.plist.strings; name = en; path = en.lproj/InfoPlist.strings; sourceTree = "<group>"; };
		C9F536B3179213E30049391C /* DripDropTests.h */ = {isa = PBXFileReference; lastKnownFileType = sourcecode.c.h; path = DripDropTests.h; sourceTree = "<group>"; };
		C9F536B4179213E30049391C /* DripDropTests.m */ = {isa = PBXFileReference; lastKnownFileType = sourcecode.c.objc; path = DripDropTests.m; sourceTree = "<group>"; };
		C9F536C01792142C0049391C /* aabb.h */ = {isa = PBXFileReference; fileEncoding = 4; lastKnownFileType = sourcecode.c.h; path = aabb.h; sourceTree = "<group>"; };
		C9F536C11792142C0049391C /* kernels.cc */ = {isa = PBXFileReference; fileEncoding = 4; lastKnownFileType = sourcecode.cpp.cpp; path = kernels.cc; sourceTree = "<group>"; };
		C9F536C21792142C0049391C /* kernels.h */ = {isa = PBXFileReference; fileEncoding = 4; lastKnownFileType = sourcecode.c.h; path = kernels.h; sourceTree = "<group>"; };
		C9F536C31792142C0049391C /* math.h */ = {isa = PBXFileReference; fileEncoding = 4; lastKnownFileType = sourcecode.c.h; path = math.h; sourceTree = "<group>"; };
		C9F536C41792142C0049391C /* particle.cc */ = {isa = PBXFileReference; fileEncoding = 4; lastKnownFileType = sourcecode.cpp.cpp; path = particle.cc; sourceTree = "<group>"; };
		C9F536C51792142C0049391C /* particle.h */ = {isa = PBXFileReference; fileEncoding = 4; lastKnownFileType = sourcecode.c.h; path = particle.h; sourceTree = "<group>"; };
		C9F536C61792142C0049391C /* particle_types.h */ = {isa = PBXFileReference; fileEncoding = 4; lastKnownFileType = sourcecode.c.h; path = particle_types.h; sourceTree = "<group>"; };
		C9F536C71792142C0049391C /* test_sph.cc */ = {isa = PBXFileReference; fileEncoding = 4; lastKnownFileType = sourcecode.cpp.cpp; path = test_sph.cc; sourceTree = "<group>"; };
		C9F536D01792152E0049391C /* libSplashPlopHack.a */ = {isa = PBXFileReference; explicitFileType = archive.ar; includeInIndex = 0; path = libSplashPlopHack.a; sourceTree = BUILT_PRODUCTS_DIR; };
		C9F536D41792152E0049391C /* SplashPlopHack-Prefix.pch */ = {isa = PBXFileReference; lastKnownFileType = sourcecode.c.h; path = "SplashPlopHack-Prefix.pch"; sourceTree = "<group>"; };
		C9F536D51792152E0049391C /* SplashPlopHack.h */ = {isa = PBXFileReference; lastKnownFileType = sourcecode.c.h; path = SplashPlopHack.h; sourceTree = "<group>"; };
		C9F536D71792152E0049391C /* SplashPlopHack.mm */ = {isa = PBXFileReference; lastKnownFileType = sourcecode.cpp.objcpp; path = SplashPlopHack.mm; sourceTree = "<group>"; };
		C9F536DE1792152E0049391C /* SplashPlopHackTests.octest */ = {isa = PBXFileReference; explicitFileType = wrapper.cfbundle; includeInIndex = 0; path = SplashPlopHackTests.octest; sourceTree = BUILT_PRODUCTS_DIR; };
		C9F536E71792152E0049391C /* SplashPlopHackTests-Info.plist */ = {isa = PBXFileReference; lastKnownFileType = text.plist.xml; path = "SplashPlopHackTests-Info.plist"; sourceTree = "<group>"; };
		C9F536E91792152E0049391C /* en */ = {isa = PBXFileReference; lastKnownFileType = text.plist.strings; name = en; path = en.lproj/InfoPlist.strings; sourceTree = "<group>"; };
		C9F536EB1792152E0049391C /* SplashPlopHackTests.h */ = {isa = PBXFileReference; lastKnownFileType = sourcecode.c.h; path = SplashPlopHackTests.h; sourceTree = "<group>"; };
		C9F536EC1792152E0049391C /* SplashPlopHackTests.m */ = {isa = PBXFileReference; lastKnownFileType = sourcecode.c.objc; path = SplashPlopHackTests.m; sourceTree = "<group>"; };
/* End PBXFileReference section */

/* Begin PBXFrameworksBuildPhase section */
		C9F53675179213E30049391C /* Frameworks */ = {
			isa = PBXFrameworksBuildPhase;
			buildActionMask = 2147483647;
			files = (
				C9ED29B817932CA0002CFF49 /* Accelerate.framework in Frameworks */,
				C9ED29B917932CA0002CFF49 /* AudioToolbox.framework in Frameworks */,
				C9ED29BA17932CA0002CFF49 /* AVFoundation.framework in Frameworks */,
				C9B1CD0617926EDF008F177B /* CoreMotion.framework in Frameworks */,
				C9B1CD0417922BD8008F177B /* libc++.dylib in Frameworks */,
				C9B1CCFC1792284D008F177B /* libSplashPlopHack.a in Frameworks */,
				C9F5367C179213E30049391C /* UIKit.framework in Frameworks */,
				C9F5367E179213E30049391C /* Foundation.framework in Frameworks */,
				C9F53680179213E30049391C /* CoreGraphics.framework in Frameworks */,
				C9F53682179213E30049391C /* GLKit.framework in Frameworks */,
				C9F53684179213E30049391C /* OpenGLES.framework in Frameworks */,
			);
			runOnlyForDeploymentPostprocessing = 0;
		};
		C9F536A2179213E30049391C /* Frameworks */ = {
			isa = PBXFrameworksBuildPhase;
			buildActionMask = 2147483647;
			files = (
				C9F536A8179213E30049391C /* SenTestingKit.framework in Frameworks */,
				C9F536A9179213E30049391C /* UIKit.framework in Frameworks */,
				C9F536AA179213E30049391C /* Foundation.framework in Frameworks */,
			);
			runOnlyForDeploymentPostprocessing = 0;
		};
		C9F536CD1792152E0049391C /* Frameworks */ = {
			isa = PBXFrameworksBuildPhase;
			buildActionMask = 2147483647;
			files = (
				C9F536D11792152E0049391C /* Foundation.framework in Frameworks */,
				C9B1CCFB179227AA008F177B /* CoreGraphics.framework in Frameworks */,
			);
			runOnlyForDeploymentPostprocessing = 0;
		};
		C9F536DA1792152E0049391C /* Frameworks */ = {
			isa = PBXFrameworksBuildPhase;
			buildActionMask = 2147483647;
			files = (
				C9F536DF1792152E0049391C /* SenTestingKit.framework in Frameworks */,
				C9F536E01792152E0049391C /* UIKit.framework in Frameworks */,
				C9F536E11792152E0049391C /* Foundation.framework in Frameworks */,
				C9F536E41792152E0049391C /* libSplashPlopHack.a in Frameworks */,
			);
			runOnlyForDeploymentPostprocessing = 0;
		};
/* End PBXFrameworksBuildPhase section */

/* Begin PBXGroup section */
		C9B1CD071792800A008F177B /* ShaderTools */ = {
			isa = PBXGroup;
			children = (
				C9B1CD0817928074008F177B /* TTCShaderLibrary.h */,
				C9B1CD0917928074008F177B /* TTCShaderLibrary.m */,
				C9B1CD0A17928074008F177B /* TTCShaderProgram.h */,
				C9B1CD0B17928074008F177B /* TTCShaderProgram.m */,
				C9B1CD0C17928074008F177B /* TTCQuad.h */,
				C9B1CD0D17928074008F177B /* TTCQuad.m */,
				C9B1CD0E17928074008F177B /* TTCSurface.h */,
				C9B1CD0F17928074008F177B /* TTCSurface.m */,
			);
			path = ShaderTools;
			sourceTree = "<group>";
		};
		C9ED29A817932C79002CFF49 /* Novocaine */ = {
			isa = PBXGroup;
			children = (
				C9ED29A917932C79002CFF49 /* AudioFileReader.h */,
				C9ED29AA17932C79002CFF49 /* AudioFileReader.mm */,
				C9ED29AB17932C79002CFF49 /* AudioFileWriter.h */,
				C9ED29AC17932C79002CFF49 /* AudioFileWriter.m */,
				C9ED29AD17932C79002CFF49 /* Novocaine.h */,
				C9ED29AE17932C79002CFF49 /* Novocaine.m */,
				C9ED29AF17932C79002CFF49 /* RingBuffer.h */,
				C9ED29B017932C79002CFF49 /* RingBuffer.mm */,
			);
			path = Novocaine;
			sourceTree = "<group>";
		};
		C9F5366F179213E30049391C = {
			isa = PBXGroup;
			children = (
				C9ED29B517932CA0002CFF49 /* Accelerate.framework */,
				C9ED29B617932CA0002CFF49 /* AudioToolbox.framework */,
				C9ED29B717932CA0002CFF49 /* AVFoundation.framework */,
				C9ED29A817932C79002CFF49 /* Novocaine */,
				C9B1CD071792800A008F177B /* ShaderTools */,
				C9F536BE1792142C0049391C /* SplashPlopHack Source */,
				C9F53685179213E30049391C /* DripDrop */,
				C9F536AD179213E30049391C /* DripDropTests */,
				C9F536D21792152E0049391C /* SplashPlopHack Framework */,
				C9F536E51792152E0049391C /* SplashPlopHackTests */,
				C9F5367A179213E30049391C /* Frameworks */,
				C9F53679179213E30049391C /* Products */,
			);
			sourceTree = "<group>";
		};
		C9F53679179213E30049391C /* Products */ = {
			isa = PBXGroup;
			children = (
				C9F53678179213E30049391C /* DripDrop.app */,
				C9F536A6179213E30049391C /* DripDropTests.octest */,
				C9F536D01792152E0049391C /* libSplashPlopHack.a */,
				C9F536DE1792152E0049391C /* SplashPlopHackTests.octest */,
			);
			name = Products;
			sourceTree = "<group>";
		};
		C9F5367A179213E30049391C /* Frameworks */ = {
			isa = PBXGroup;
			children = (
				C9B1CD0517926EDF008F177B /* CoreMotion.framework */,
				C9B1CD0317922BD7008F177B /* libc++.dylib */,
				C9F5367B179213E30049391C /* UIKit.framework */,
				C9F5367D179213E30049391C /* Foundation.framework */,
				C9F5367F179213E30049391C /* CoreGraphics.framework */,
				C9F53681179213E30049391C /* GLKit.framework */,
				C9F53683179213E30049391C /* OpenGLES.framework */,
				C9F536A7179213E30049391C /* SenTestingKit.framework */,
			);
			name = Frameworks;
			sourceTree = "<group>";
		};
		C9F53685179213E30049391C /* DripDrop */ = {
			isa = PBXGroup;
			children = (
				C9F5368E179213E30049391C /* DDAppDelegate.h */,
				C9F5368F179213E30049391C /* DDAppDelegate.m */,
				C9F53697179213E30049391C /* MainStoryboard.storyboard */,
				C9B1CD141792874F008F177B /* vertex_default.vsh */,
				C9B1CD151792874F008F177B /* show_texture.fsh */,
				C9ED299F1792B9EC002CFF49 /* phi.fsh */,
				C9ED29A21792C144002CFF49 /* hblur.fsh */,
				C9ED29A41792C1CE002CFF49 /* vblur.fsh */,
				C9F5369A179213E30049391C /* fShader.fsh */,
				C9F5369C179213E30049391C /* vShader.vsh */,
				C9F5369E179213E30049391C /* DDViewController.h */,
				C9F5369F179213E30049391C /* DDViewController.m */,
				C9F53686179213E30049391C /* Supporting Files */,
			);
			path = DripDrop;
			sourceTree = "<group>";
		};
		C9F53686179213E30049391C /* Supporting Files */ = {
			isa = PBXGroup;
			children = (
				C9F53687179213E30049391C /* DripDrop-Info.plist */,
				C9F53688179213E30049391C /* InfoPlist.strings */,
				C9F5368B179213E30049391C /* main.m */,
				C9F5368D179213E30049391C /* DripDrop-Prefix.pch */,
				C9F53691179213E30049391C /* Default.png */,
				C9F53693179213E30049391C /* Default@2x.png */,
				C9F53695179213E30049391C /* Default-568h@2x.png */,
			);
			name = "Supporting Files";
			sourceTree = "<group>";
		};
		C9F536AD179213E30049391C /* DripDropTests */ = {
			isa = PBXGroup;
			children = (
				C9F536B3179213E30049391C /* DripDropTests.h */,
				C9F536B4179213E30049391C /* DripDropTests.m */,
				C9F536AE179213E30049391C /* Supporting Files */,
			);
			path = DripDropTests;
			sourceTree = "<group>";
		};
		C9F536AE179213E30049391C /* Supporting Files */ = {
			isa = PBXGroup;
			children = (
				C9F536AF179213E30049391C /* DripDropTests-Info.plist */,
				C9F536B0179213E30049391C /* InfoPlist.strings */,
			);
			name = "Supporting Files";
			sourceTree = "<group>";
		};
		C9F536BE1792142C0049391C /* SplashPlopHack Source */ = {
			isa = PBXGroup;
			children = (
				C9F536C01792142C0049391C /* aabb.h */,
				C9F536C11792142C0049391C /* kernels.cc */,
				C9F536C21792142C0049391C /* kernels.h */,
				C9F536C31792142C0049391C /* math.h */,
				C9F536C41792142C0049391C /* particle.cc */,
				C9F536C51792142C0049391C /* particle.h */,
				C9F536C61792142C0049391C /* particle_types.h */,
				C9F536C71792142C0049391C /* test_sph.cc */,
			);
			name = "SplashPlopHack Source";
			path = ../src;
			sourceTree = "<group>";
		};
		C9F536D21792152E0049391C /* SplashPlopHack Framework */ = {
			isa = PBXGroup;
			children = (
				C9F536D51792152E0049391C /* SplashPlopHack.h */,
				C9F536D71792152E0049391C /* SplashPlopHack.mm */,
				C9F536D31792152E0049391C /* Supporting Files */,
			);
			name = "SplashPlopHack Framework";
			path = SplashPlopHack;
			sourceTree = "<group>";
		};
		C9F536D31792152E0049391C /* Supporting Files */ = {
			isa = PBXGroup;
			children = (
				C9F536D41792152E0049391C /* SplashPlopHack-Prefix.pch */,
			);
			name = "Supporting Files";
			sourceTree = "<group>";
		};
		C9F536E51792152E0049391C /* SplashPlopHackTests */ = {
			isa = PBXGroup;
			children = (
				C9F536EB1792152E0049391C /* SplashPlopHackTests.h */,
				C9F536EC1792152E0049391C /* SplashPlopHackTests.m */,
				C9F536E61792152E0049391C /* Supporting Files */,
			);
			path = SplashPlopHackTests;
			sourceTree = "<group>";
		};
		C9F536E61792152E0049391C /* Supporting Files */ = {
			isa = PBXGroup;
			children = (
				C9F536E71792152E0049391C /* SplashPlopHackTests-Info.plist */,
				C9F536E81792152E0049391C /* InfoPlist.strings */,
			);
			name = "Supporting Files";
			sourceTree = "<group>";
		};
/* End PBXGroup section */

/* Begin PBXNativeTarget section */
		C9F53677179213E30049391C /* DripDrop */ = {
			isa = PBXNativeTarget;
			buildConfigurationList = C9F536B8179213E30049391C /* Build configuration list for PBXNativeTarget "DripDrop" */;
			buildPhases = (
				C9F53674179213E30049391C /* Sources */,
				C9F53675179213E30049391C /* Frameworks */,
				C9F53676179213E30049391C /* Resources */,
			);
			buildRules = (
			);
			dependencies = (
				C9B1CCFE179229A1008F177B /* PBXTargetDependency */,
			);
			name = DripDrop;
			productName = DripDrop;
			productReference = C9F53678179213E30049391C /* DripDrop.app */;
			productType = "com.apple.product-type.application";
		};
		C9F536A5179213E30049391C /* DripDropTests */ = {
			isa = PBXNativeTarget;
			buildConfigurationList = C9F536BB179213E30049391C /* Build configuration list for PBXNativeTarget "DripDropTests" */;
			buildPhases = (
				C9F536A1179213E30049391C /* Sources */,
				C9F536A2179213E30049391C /* Frameworks */,
				C9F536A3179213E30049391C /* Resources */,
				C9F536A4179213E30049391C /* ShellScript */,
			);
			buildRules = (
			);
			dependencies = (
				C9F536AC179213E30049391C /* PBXTargetDependency */,
			);
			name = DripDropTests;
			productName = DripDropTests;
			productReference = C9F536A6179213E30049391C /* DripDropTests.octest */;
			productType = "com.apple.product-type.bundle";
		};
		C9F536CF1792152E0049391C /* SplashPlopHack */ = {
			isa = PBXNativeTarget;
			buildConfigurationList = C9F536EE1792152E0049391C /* Build configuration list for PBXNativeTarget "SplashPlopHack" */;
			buildPhases = (
				C9F536CC1792152E0049391C /* Sources */,
				C9F536CD1792152E0049391C /* Frameworks */,
				C9F536CE1792152E0049391C /* CopyFiles */,
			);
			buildRules = (
			);
			dependencies = (
			);
			name = SplashPlopHack;
			productName = SplashPlopHack;
			productReference = C9F536D01792152E0049391C /* libSplashPlopHack.a */;
			productType = "com.apple.product-type.library.static";
		};
		C9F536DD1792152E0049391C /* SplashPlopHackTests */ = {
			isa = PBXNativeTarget;
			buildConfigurationList = C9F536F11792152E0049391C /* Build configuration list for PBXNativeTarget "SplashPlopHackTests" */;
			buildPhases = (
				C9F536D91792152E0049391C /* Sources */,
				C9F536DA1792152E0049391C /* Frameworks */,
				C9F536DB1792152E0049391C /* Resources */,
				C9F536DC1792152E0049391C /* ShellScript */,
			);
			buildRules = (
			);
			dependencies = (
				C9F536E31792152E0049391C /* PBXTargetDependency */,
			);
			name = SplashPlopHackTests;
			productName = SplashPlopHackTests;
			productReference = C9F536DE1792152E0049391C /* SplashPlopHackTests.octest */;
			productType = "com.apple.product-type.bundle";
		};
/* End PBXNativeTarget section */

/* Begin PBXProject section */
		C9F53670179213E30049391C /* Project object */ = {
			isa = PBXProject;
			attributes = {
				CLASSPREFIX = DD;
				LastUpgradeCheck = 0460;
				ORGANIZATIONNAME = "Matt Stanton";
			};
			buildConfigurationList = C9F53673179213E30049391C /* Build configuration list for PBXProject "DripDrop" */;
			compatibilityVersion = "Xcode 3.2";
			developmentRegion = English;
			hasScannedForEncodings = 0;
			knownRegions = (
				en,
			);
			mainGroup = C9F5366F179213E30049391C;
			productRefGroup = C9F53679179213E30049391C /* Products */;
			projectDirPath = "";
			projectRoot = "";
			targets = (
				C9F53677179213E30049391C /* DripDrop */,
				C9F536A5179213E30049391C /* DripDropTests */,
				C9F536CF1792152E0049391C /* SplashPlopHack */,
				C9F536DD1792152E0049391C /* SplashPlopHackTests */,
			);
		};
/* End PBXProject section */

/* Begin PBXResourcesBuildPhase section */
		C9F53676179213E30049391C /* Resources */ = {
			isa = PBXResourcesBuildPhase;
			buildActionMask = 2147483647;
			files = (
				C9ED29A61792C666002CFF49 /* hblur.fsh in Resources */,
				C9ED29A71792C666002CFF49 /* vblur.fsh in Resources */,
				C9B1CD1817928CD5008F177B /* vertex_default.vsh in Resources */,
				C9B1CD1917928CD5008F177B /* show_texture.fsh in Resources */,
				C9F5368A179213E30049391C /* InfoPlist.strings in Resources */,
				C9F53692179213E30049391C /* Default.png in Resources */,
				C9F53694179213E30049391C /* Default@2x.png in Resources */,
				C9ED29A11792BBA4002CFF49 /* phi.fsh in Resources */,
				C9F53696179213E30049391C /* Default-568h@2x.png in Resources */,
				C9F53699179213E30049391C /* MainStoryboard.storyboard in Resources */,
				C9F5369B179213E30049391C /* fShader.fsh in Resources */,
				C9F5369D179213E30049391C /* vShader.vsh in Resources */,
			);
			runOnlyForDeploymentPostprocessing = 0;
		};
		C9F536A3179213E30049391C /* Resources */ = {
			isa = PBXResourcesBuildPhase;
			buildActionMask = 2147483647;
			files = (
				C9F536B2179213E30049391C /* InfoPlist.strings in Resources */,
			);
			runOnlyForDeploymentPostprocessing = 0;
		};
		C9F536DB1792152E0049391C /* Resources */ = {
			isa = PBXResourcesBuildPhase;
			buildActionMask = 2147483647;
			files = (
				C9F536EA1792152E0049391C /* InfoPlist.strings in Resources */,
			);
			runOnlyForDeploymentPostprocessing = 0;
		};
/* End PBXResourcesBuildPhase section */

/* Begin PBXShellScriptBuildPhase section */
		C9F536A4179213E30049391C /* ShellScript */ = {
			isa = PBXShellScriptBuildPhase;
			buildActionMask = 2147483647;
			files = (
			);
			inputPaths = (
			);
			outputPaths = (
			);
			runOnlyForDeploymentPostprocessing = 0;
			shellPath = /bin/sh;
			shellScript = "# Run the unit tests in this test bundle.\n\"${SYSTEM_DEVELOPER_DIR}/Tools/RunUnitTests\"\n";
		};
		C9F536DC1792152E0049391C /* ShellScript */ = {
			isa = PBXShellScriptBuildPhase;
			buildActionMask = 2147483647;
			files = (
			);
			inputPaths = (
			);
			outputPaths = (
			);
			runOnlyForDeploymentPostprocessing = 0;
			shellPath = /bin/sh;
			shellScript = "# Run the unit tests in this test bundle.\n\"${SYSTEM_DEVELOPER_DIR}/Tools/RunUnitTests\"\n";
		};
/* End PBXShellScriptBuildPhase section */

/* Begin PBXSourcesBuildPhase section */
		C9F53674179213E30049391C /* Sources */ = {
			isa = PBXSourcesBuildPhase;
			buildActionMask = 2147483647;
			files = (
				C9F5368C179213E30049391C /* main.m in Sources */,
				C9F53690179213E30049391C /* DDAppDelegate.m in Sources */,
				C9F536A0179213E30049391C /* DDViewController.m in Sources */,
				C9B1CD1017928074008F177B /* TTCShaderLibrary.m in Sources */,
				C9B1CD1117928074008F177B /* TTCShaderProgram.m in Sources */,
				C9B1CD1217928074008F177B /* TTCQuad.m in Sources */,
				C9B1CD1317928074008F177B /* TTCSurface.m in Sources */,
				C9B1CD161792874F008F177B /* vertex_default.vsh in Sources */,
				C9B1CD171792874F008F177B /* show_texture.fsh in Sources */,
				C9ED29A01792B9EC002CFF49 /* phi.fsh in Sources */,
				C9ED29A31792C144002CFF49 /* hblur.fsh in Sources */,
				C9ED29A51792C1CE002CFF49 /* vblur.fsh in Sources */,
				C9ED29B117932C79002CFF49 /* AudioFileReader.mm in Sources */,
				C9ED29B217932C79002CFF49 /* AudioFileWriter.m in Sources */,
				C9ED29B317932C79002CFF49 /* Novocaine.m in Sources */,
				C9ED29B417932C79002CFF49 /* RingBuffer.mm in Sources */,
			);
			runOnlyForDeploymentPostprocessing = 0;
		};
		C9F536A1179213E30049391C /* Sources */ = {
			isa = PBXSourcesBuildPhase;
			buildActionMask = 2147483647;
			files = (
				C9F536B5179213E30049391C /* DripDropTests.m in Sources */,
			);
			runOnlyForDeploymentPostprocessing = 0;
		};
		C9F536CC1792152E0049391C /* Sources */ = {
			isa = PBXSourcesBuildPhase;
			buildActionMask = 2147483647;
			files = (
				C9F536D81792152E0049391C /* SplashPlopHack.mm in Sources */,
				C9F536F4179215520049391C /* kernels.cc in Sources */,
				C9F536F5179215560049391C /* particle.cc in Sources */,
			);
			runOnlyForDeploymentPostprocessing = 0;
		};
		C9F536D91792152E0049391C /* Sources */ = {
			isa = PBXSourcesBuildPhase;
			buildActionMask = 2147483647;
			files = (
				C9F536ED1792152E0049391C /* SplashPlopHackTests.m in Sources */,
			);
			runOnlyForDeploymentPostprocessing = 0;
		};
/* End PBXSourcesBuildPhase section */

/* Begin PBXTargetDependency section */
		C9B1CCFE179229A1008F177B /* PBXTargetDependency */ = {
			isa = PBXTargetDependency;
			target = C9F536CF1792152E0049391C /* SplashPlopHack */;
			targetProxy = C9B1CCFD179229A1008F177B /* PBXContainerItemProxy */;
		};
		C9F536AC179213E30049391C /* PBXTargetDependency */ = {
			isa = PBXTargetDependency;
			target = C9F53677179213E30049391C /* DripDrop */;
			targetProxy = C9F536AB179213E30049391C /* PBXContainerItemProxy */;
		};
		C9F536E31792152E0049391C /* PBXTargetDependency */ = {
			isa = PBXTargetDependency;
			target = C9F536CF1792152E0049391C /* SplashPlopHack */;
			targetProxy = C9F536E21792152E0049391C /* PBXContainerItemProxy */;
		};
/* End PBXTargetDependency section */

/* Begin PBXVariantGroup section */
		C9F53688179213E30049391C /* InfoPlist.strings */ = {
			isa = PBXVariantGroup;
			children = (
				C9F53689179213E30049391C /* en */,
			);
			name = InfoPlist.strings;
			sourceTree = "<group>";
		};
		C9F53697179213E30049391C /* MainStoryboard.storyboard */ = {
			isa = PBXVariantGroup;
			children = (
				C9F53698179213E30049391C /* en */,
			);
			name = MainStoryboard.storyboard;
			sourceTree = "<group>";
		};
		C9F536B0179213E30049391C /* InfoPlist.strings */ = {
			isa = PBXVariantGroup;
			children = (
				C9F536B1179213E30049391C /* en */,
			);
			name = InfoPlist.strings;
			sourceTree = "<group>";
		};
		C9F536E81792152E0049391C /* InfoPlist.strings */ = {
			isa = PBXVariantGroup;
			children = (
				C9F536E91792152E0049391C /* en */,
			);
			name = InfoPlist.strings;
			sourceTree = "<group>";
		};
/* End PBXVariantGroup section */

/* Begin XCBuildConfiguration section */
		C9F536B6179213E30049391C /* Debug */ = {
			isa = XCBuildConfiguration;
			buildSettings = {
				ALWAYS_SEARCH_USER_PATHS = NO;
				CLANG_CXX_LANGUAGE_STANDARD = "gnu++0x";
				CLANG_CXX_LIBRARY = "libc++";
				CLANG_ENABLE_OBJC_ARC = YES;
				CLANG_WARN_CONSTANT_CONVERSION = YES;
				CLANG_WARN_EMPTY_BODY = YES;
				CLANG_WARN_ENUM_CONVERSION = YES;
				CLANG_WARN_INT_CONVERSION = YES;
				CLANG_WARN__DUPLICATE_METHOD_MATCH = YES;
				"CODE_SIGN_IDENTITY[sdk=iphoneos*]" = "iPhone Developer";
				COPY_PHASE_STRIP = NO;
				GCC_C_LANGUAGE_STANDARD = gnu99;
				GCC_DYNAMIC_NO_PIC = NO;
				GCC_OPTIMIZATION_LEVEL = 0;
				GCC_PREPROCESSOR_DEFINITIONS = (
					"DEBUG=1",
					"$(inherited)",
				);
				GCC_SYMBOLS_PRIVATE_EXTERN = NO;
				GCC_WARN_ABOUT_RETURN_TYPE = YES;
				GCC_WARN_UNINITIALIZED_AUTOS = YES;
				GCC_WARN_UNUSED_VARIABLE = YES;
				IPHONEOS_DEPLOYMENT_TARGET = 6.1;
				ONLY_ACTIVE_ARCH = YES;
				SDKROOT = iphoneos;
				TARGETED_DEVICE_FAMILY = 2;
			};
			name = Debug;
		};
		C9F536B7179213E30049391C /* Release */ = {
			isa = XCBuildConfiguration;
			buildSettings = {
				ALWAYS_SEARCH_USER_PATHS = NO;
				CLANG_CXX_LANGUAGE_STANDARD = "gnu++0x";
				CLANG_CXX_LIBRARY = "libc++";
				CLANG_ENABLE_OBJC_ARC = YES;
				CLANG_WARN_CONSTANT_CONVERSION = YES;
				CLANG_WARN_EMPTY_BODY = YES;
				CLANG_WARN_ENUM_CONVERSION = YES;
				CLANG_WARN_INT_CONVERSION = YES;
				CLANG_WARN__DUPLICATE_METHOD_MATCH = YES;
				"CODE_SIGN_IDENTITY[sdk=iphoneos*]" = "iPhone Developer";
				COPY_PHASE_STRIP = YES;
				GCC_C_LANGUAGE_STANDARD = gnu99;
				GCC_WARN_ABOUT_RETURN_TYPE = YES;
				GCC_WARN_UNINITIALIZED_AUTOS = YES;
				GCC_WARN_UNUSED_VARIABLE = YES;
				IPHONEOS_DEPLOYMENT_TARGET = 6.1;
				OTHER_CFLAGS = "-DNS_BLOCK_ASSERTIONS=1";
				SDKROOT = iphoneos;
				TARGETED_DEVICE_FAMILY = 2;
				VALIDATE_PRODUCT = YES;
			};
			name = Release;
		};
		C9F536B9179213E30049391C /* Debug */ = {
			isa = XCBuildConfiguration;
			buildSettings = {
				GCC_PRECOMPILE_PREFIX_HEADER = YES;
				GCC_PREFIX_HEADER = "DripDrop/DripDrop-Prefix.pch";
				INFOPLIST_FILE = "DripDrop/DripDrop-Info.plist";
				PRODUCT_NAME = "$(TARGET_NAME)";
				WRAPPER_EXTENSION = app;
			};
			name = Debug;
		};
		C9F536BA179213E30049391C /* Release */ = {
			isa = XCBuildConfiguration;
			buildSettings = {
				GCC_PRECOMPILE_PREFIX_HEADER = YES;
				GCC_PREFIX_HEADER = "DripDrop/DripDrop-Prefix.pch";
				INFOPLIST_FILE = "DripDrop/DripDrop-Info.plist";
				ONLY_ACTIVE_ARCH = NO;
				PRODUCT_NAME = "$(TARGET_NAME)";
				WRAPPER_EXTENSION = app;
			};
			name = Release;
		};
		C9F536BC179213E30049391C /* Debug */ = {
			isa = XCBuildConfiguration;
			buildSettings = {
				BUNDLE_LOADER = "$(BUILT_PRODUCTS_DIR)/DripDrop.app/DripDrop";
				FRAMEWORK_SEARCH_PATHS = (
					"\"$(SDKROOT)/Developer/Library/Frameworks\"",
					"\"$(DEVELOPER_LIBRARY_DIR)/Frameworks\"",
				);
				GCC_PRECOMPILE_PREFIX_HEADER = YES;
				GCC_PREFIX_HEADER = "DripDrop/DripDrop-Prefix.pch";
				GCC_UNROLL_LOOPS = NO;
				INFOPLIST_FILE = "DripDropTests/DripDropTests-Info.plist";
				LLVM_LTO = NO;
				PRODUCT_NAME = "$(TARGET_NAME)";
				TEST_HOST = "$(BUNDLE_LOADER)";
				WRAPPER_EXTENSION = octest;
			};
			name = Debug;
		};
		C9F536BD179213E30049391C /* Release */ = {
			isa = XCBuildConfiguration;
			buildSettings = {
				BUNDLE_LOADER = "$(BUILT_PRODUCTS_DIR)/DripDrop.app/DripDrop";
				FRAMEWORK_SEARCH_PATHS = (
					"\"$(SDKROOT)/Developer/Library/Frameworks\"",
					"\"$(DEVELOPER_LIBRARY_DIR)/Frameworks\"",
				);
				GCC_OPTIMIZATION_LEVEL = s;
				GCC_PRECOMPILE_PREFIX_HEADER = YES;
				GCC_PREFIX_HEADER = "DripDrop/DripDrop-Prefix.pch";
				GCC_UNROLL_LOOPS = NO;
				INFOPLIST_FILE = "DripDropTests/DripDropTests-Info.plist";
				LLVM_LTO = NO;
				PRODUCT_NAME = "$(TARGET_NAME)";
				TEST_HOST = "$(BUNDLE_LOADER)";
				WRAPPER_EXTENSION = octest;
			};
			name = Release;
		};
		C9F536EF1792152E0049391C /* Debug */ = {
			isa = XCBuildConfiguration;
			buildSettings = {
				DSTROOT = /tmp/SplashPlopHack.dst;
				GCC_ENABLE_CPP_EXCEPTIONS = NO;
				GCC_PRECOMPILE_PREFIX_HEADER = YES;
				GCC_PREFIX_HEADER = "SplashPlopHack/SplashPlopHack-Prefix.pch";
				GCC_UNROLL_LOOPS = NO;
				LLVM_LTO = NO;
				OTHER_LDFLAGS = "-ObjC";
				PRODUCT_NAME = "$(TARGET_NAME)";
				SKIP_INSTALL = YES;
			};
			name = Debug;
		};
		C9F536F01792152E0049391C /* Release */ = {
			isa = XCBuildConfiguration;
			buildSettings = {
				DSTROOT = /tmp/SplashPlopHack.dst;
				GCC_ENABLE_CPP_EXCEPTIONS = NO;
				GCC_FAST_MATH = YES;
				GCC_OPTIMIZATION_LEVEL = 3;
				GCC_PRECOMPILE_PREFIX_HEADER = YES;
				GCC_PREFIX_HEADER = "SplashPlopHack/SplashPlopHack-Prefix.pch";
				GCC_UNROLL_LOOPS = YES;
				LLVM_LTO = YES;
				OTHER_CFLAGS = (
					"-DNS_BLOCK_ASSERTIONS=1",
					"-ftree-vectorize",
				);
				OTHER_LDFLAGS = "-ObjC";
				PRODUCT_NAME = "$(TARGET_NAME)";
				SKIP_INSTALL = YES;
			};
			name = Release;
		};
		C9F536F21792152E0049391C /* Debug */ = {
			isa = XCBuildConfiguration;
			buildSettings = {
				FRAMEWORK_SEARCH_PATHS = (
					"\"$(SDKROOT)/Developer/Library/Frameworks\"",
					"\"$(DEVELOPER_LIBRARY_DIR)/Frameworks\"",
				);
				GCC_PRECOMPILE_PREFIX_HEADER = YES;
				GCC_PREFIX_HEADER = "SplashPlopHack/SplashPlopHack-Prefix.pch";
				INFOPLIST_FILE = "SplashPlopHackTests/SplashPlopHackTests-Info.plist";
				PRODUCT_NAME = "$(TARGET_NAME)";
				WRAPPER_EXTENSION = octest;
			};
			name = Debug;
		};
		C9F536F31792152E0049391C /* Release */ = {
			isa = XCBuildConfiguration;
			buildSettings = {
				FRAMEWORK_SEARCH_PATHS = (
					"\"$(SDKROOT)/Developer/Library/Frameworks\"",
					"\"$(DEVELOPER_LIBRARY_DIR)/Frameworks\"",
				);
				GCC_PRECOMPILE_PREFIX_HEADER = YES;
				GCC_PREFIX_HEADER = "SplashPlopHack/SplashPlopHack-Prefix.pch";
				INFOPLIST_FILE = "SplashPlopHackTests/SplashPlopHackTests-Info.plist";
				PRODUCT_NAME = "$(TARGET_NAME)";
				WRAPPER_EXTENSION = octest;
			};
			name = Release;
		};
/* End XCBuildConfiguration section */

/* Begin XCConfigurationList section */
		C9F53673179213E30049391C /* Build configuration list for PBXProject "DripDrop" */ = {
			isa = XCConfigurationList;
			buildConfigurations = (
				C9F536B6179213E30049391C /* Debug */,
				C9F536B7179213E30049391C /* Release */,
			);
			defaultConfigurationIsVisible = 0;
			defaultConfigurationName = Release;
		};
		C9F536B8179213E30049391C /* Build configuration list for PBXNativeTarget "DripDrop" */ = {
			isa = XCConfigurationList;
			buildConfigurations = (
				C9F536B9179213E30049391C /* Debug */,
				C9F536BA179213E30049391C /* Release */,
			);
			defaultConfigurationIsVisible = 0;
			defaultConfigurationName = Release;
		};
		C9F536BB179213E30049391C /* Build configuration list for PBXNativeTarget "DripDropTests" */ = {
			isa = XCConfigurationList;
			buildConfigurations = (
				C9F536BC179213E30049391C /* Debug */,
				C9F536BD179213E30049391C /* Release */,
			);
			defaultConfigurationIsVisible = 0;
			defaultConfigurationName = Release;
		};
		C9F536EE1792152E0049391C /* Build configuration list for PBXNativeTarget "SplashPlopHack" */ = {
			isa = XCConfigurationList;
			buildConfigurations = (
				C9F536EF1792152E0049391C /* Debug */,
				C9F536F01792152E0049391C /* Release */,
			);
			defaultConfigurationIsVisible = 0;
			defaultConfigurationName = Release;
		};
		C9F536F11792152E0049391C /* Build configuration list for PBXNativeTarget "SplashPlopHackTests" */ = {
			isa = XCConfigurationList;
			buildConfigurations = (
				C9F536F21792152E0049391C /* Debug */,
				C9F536F31792152E0049391C /* Release */,
			);
			defaultConfigurationIsVisible = 0;
			defaultConfigurationName = Release;
		};
/* End XCConfigurationList section */
	};
	rootObject = C9F53670179213E30049391C /* Project object */;
}
